
Microsoft Visual Studio Solution File, Format Version 12.00
# Visual Studio Version 17
VisualStudioVersion = 17.2.32630.192
MinimumVisualStudioVersion = 10.0.40219.1
Project("{FAE04EC0-301F-11D3-BF4B-00C04F79EFBC}") = "Activity 7", "Activity 7\Activity 7.csproj", "{88D1E8A0-8B8B-4AFD-8B9E-980E84432412}"
EndProject
Global
	GlobalSection(SolutionConfigurationPlatforms) = preSolution
		Debug|Any CPU = Debug|Any CPU
		Release|Any CPU = Release|Any CPU
	EndGlobalSection
	GlobalSection(ProjectConfigurationPlatforms) = postSolution
		{88D1E8A0-8B8B-4AFD-8B9E-980E84432412}.Debug|Any CPU.ActiveCfg = Debug|Any CPU
		{88D1E8A0-8B8B-4AFD-8B9E-980E84432412}.Debug|Any CPU.Build.0 = Debug|Any CPU
		{88D1E8A0-8B8B-4AFD-8B9E-980E84432412}.Release|Any CPU.ActiveCfg = Release|Any CPU
		{88D1E8A0-8B8B-4AFD-8B9E-980E84432412}.Release|Any CPU.Build.0 = Release|Any CPU
	EndGlobalSection
	GlobalSection(SolutionProperties) = preSolution
		HideSolutionNode = FALSE
	EndGlobalSection
	GlobalSection(ExtensibilityGlobals) = postSolution
		SolutionGuid = {E38A9BA7-3AD3-49E7-9537-11EA55CC5189}
	EndGlobalSection
EndGlobal
